
Microsoft Visual Studio Solution File, Format Version 12.00
# Visual Studio Version 17
VisualStudioVersion = 17.13.35818.85
MinimumVisualStudioVersion = 10.0.40219.1
Project("{FAE04EC0-301F-11D3-BF4B-00C04F79EFBC}") = "MTG_DB", "MTG_DB\MTG_DB.csproj", "{3FC89CCF-F27E-4F43-9C32-0CA8E205D966}"
EndProject
Global
	GlobalSection(SolutionConfigurationPlatforms) = preSolution
		Debug|Any CPU = Debug|Any CPU
		Release|Any CPU = Release|Any CPU
	EndGlobalSection
	GlobalSection(ProjectConfigurationPlatforms) = postSolution
		{3FC89CCF-F27E-4F43-9C32-0CA8E205D966}.Debug|Any CPU.ActiveCfg = Debug|Any CPU
		{3FC89CCF-F27E-4F43-9C32-0CA8E205D966}.Debug|Any CPU.Build.0 = Debug|Any CPU
		{3FC89CCF-F27E-4F43-9C32-0CA8E205D966}.Release|Any CPU.ActiveCfg = Release|Any CPU
		{3FC89CCF-F27E-4F43-9C32-0CA8E205D966}.Release|Any CPU.Build.0 = Release|Any CPU
	EndGlobalSection
	GlobalSection(SolutionProperties) = preSolution
		HideSolutionNode = FALSE
	EndGlobalSection
	GlobalSection(ExtensibilityGlobals) = postSolution
		SolutionGuid = {B8073B8B-E4F8-42F7-9A39-AD55D1B46715}
	EndGlobalSection
EndGlobal
